{
  "name": "pfa-influxr",
  "version": "0.1.0",
  "lockfileVersion": 1,
  "requires": true,
  "dependencies": {
    "@google/maps": {
      "version": "1.1.0",
      "resolved": "https://registry.npmjs.org/@google/maps/-/maps-1.1.0.tgz",
      "integrity": "sha512-mIU397T3H0Xlio1ftZvB11DQr+7aYEYTMeDuLfI8OTE0mMgvD3sAFWuAhXvCCLrfEy8FXvLxQp1fwYXyM+lRPA==",
      "requires": {
        "https-proxy-agent": "^3.0.0",
        "uuid": ">=2.2.1"
      }
    },
    "@types/node": {
      "version": "13.5.0",
      "resolved": "https://registry.npmjs.org/@types/node/-/node-13.5.0.tgz",
      "integrity": "sha512-Onhn+z72D2O2Pb2ql2xukJ55rglumsVo1H6Fmyi8mlU9SvKdBk/pUSUAiBY/d9bAOF7VVWajX3sths/+g6ZiAQ==",
      "dev": true
    },
    "agent-base": {
      "version": "4.3.0",
      "resolved": "https://registry.npmjs.org/agent-base/-/agent-base-4.3.0.tgz",
      "integrity": "sha512-salcGninV0nPrwpGNn4VTXBb1SOuXQBiqbrNXoeizJsHrsL6ERFM2Ne3JUSBWRE6aeNJI2ROP/WEEIDUiDe3cg==",
      "requires": {
        "es6-promisify": "^5.0.0"
      }
    },
    "arg": {
      "version": "4.1.2",
      "resolved": "https://registry.npmjs.org/arg/-/arg-4.1.2.tgz",
      "integrity": "sha512-+ytCkGcBtHZ3V2r2Z06AncYO8jz46UEamcspGoU8lHcEbpn6J77QK0vdWvChsclg/tM5XIJC5tnjmPp7Eq6Obg==",
      "dev": true
    },
    "assert-options": {
      "version": "0.6.0",
      "resolved": "https://registry.npmjs.org/assert-options/-/assert-options-0.6.0.tgz",
      "integrity": "sha512-xmBFb5sY0AO8SNihIfavR6uMhOyzq6D7RoFKJxxAditMQc876szBBQ9RQVwLi6Bm3zUoG0nexZK11Gy5TBX69A=="
    },
    "balanced-match": {
      "version": "1.0.0",
      "resolved": "https://registry.npmjs.org/balanced-match/-/balanced-match-1.0.0.tgz",
      "integrity": "sha1-ibTRmasr7kneFk6gK4nORi1xt2c="
    },
    "brace-expansion": {
      "version": "1.1.11",
      "resolved": "https://registry.npmjs.org/brace-expansion/-/brace-expansion-1.1.11.tgz",
      "integrity": "sha512-iCuPHDFgrHX7H2vEI/5xpz07zSHB00TpugqhmYtVmMO6518mCuRMoOYFldEBl0g187ufozdaHgWKcYFb61qGiA==",
      "requires": {
        "balanced-match": "^1.0.0",
        "concat-map": "0.0.1"
      }
    },
    "buffer-from": {
      "version": "1.1.1",
      "resolved": "https://registry.npmjs.org/buffer-from/-/buffer-from-1.1.1.tgz",
      "integrity": "sha512-MQcXEUbCKtEo7bhqEs6560Hyd4XaovZlO/k9V3hjVUF/zwW7KBVdSK4gIt/bzwS9MbR5qob+F5jusZsb0YQK2A==",
      "dev": true
    },
    "buffer-writer": {
      "version": "2.0.0",
      "resolved": "https://registry.npmjs.org/buffer-writer/-/buffer-writer-2.0.0.tgz",
      "integrity": "sha512-a7ZpuTZU1TRtnwyCNW3I5dc0wWNC3VR9S++Ewyk2HHZdrO3CQJqSpd+95Us590V6AL7JqUAH2IwZ/398PmNFgw=="
    },
    "commander": {
      "version": "4.1.0",
      "resolved": "https://registry.npmjs.org/commander/-/commander-4.1.0.tgz",
      "integrity": "sha512-NIQrwvv9V39FHgGFm36+U9SMQzbiHvU79k+iADraJTpmrFFfx7Ds0IvDoAdZsDrknlkRk14OYoWXb57uTh7/sw=="
    },
    "concat-map": {
      "version": "0.0.1",
      "resolved": "https://registry.npmjs.org/concat-map/-/concat-map-0.0.1.tgz",
      "integrity": "sha1-2Klr13/Wjfd5OnMDajug1UBdR3s="
    },
    "debug": {
      "version": "3.2.6",
      "resolved": "https://registry.npmjs.org/debug/-/debug-3.2.6.tgz",
      "integrity": "sha512-mel+jf7nrtEl5Pn1Qx46zARXKDpBbvzezse7p7LqINmdoIk8PYP5SySaxEmYv6TZ0JyEKA1hsCId6DIhgITtWQ==",
      "requires": {
        "ms": "^2.1.1"
      }
    },
    "diff": {
      "version": "4.0.2",
      "resolved": "https://registry.npmjs.org/diff/-/diff-4.0.2.tgz",
      "integrity": "sha512-58lmxKSA4BNyLz+HHMUzlOEpg09FV+ev6ZMe3vJihgdxzgcwZ8VoEEPmALCZG9LmqfVoNMMKpttIYTVG6uDY7A==",
      "dev": true
    },
    "dotenv": {
      "version": "8.2.0",
      "resolved": "https://registry.npmjs.org/dotenv/-/dotenv-8.2.0.tgz",
      "integrity": "sha512-8sJ78ElpbDJBHNeBzUbUVLsqKdccaa/BXF1uPTw3GrvQTBgrQrtObr2mUrE38vzYd8cEv+m/JBfDLioYcfXoaw=="
    },
    "es6-promise": {
      "version": "4.2.8",
      "resolved": "https://registry.npmjs.org/es6-promise/-/es6-promise-4.2.8.tgz",
      "integrity": "sha512-HJDGx5daxeIvxdBxvG2cb9g4tEvwIk3i8+nhX0yGrYmZUzbkdg8QbDevheDB8gd0//uPj4c1EQua8Q+MViT0/w=="
    },
    "es6-promisify": {
      "version": "5.0.0",
      "resolved": "https://registry.npmjs.org/es6-promisify/-/es6-promisify-5.0.0.tgz",
      "integrity": "sha1-UQnWLz5W6pZ8S2NQWu8IKRyKUgM=",
      "requires": {
        "es6-promise": "^4.0.3"
      }
    },
    "fs.realpath": {
      "version": "1.0.0",
      "resolved": "https://registry.npmjs.org/fs.realpath/-/fs.realpath-1.0.0.tgz",
      "integrity": "sha1-FQStJSMVjKpA20onh8sBQRmU6k8="
    },
    "glob": {
      "version": "7.1.6",
      "resolved": "https://registry.npmjs.org/glob/-/glob-7.1.6.tgz",
      "integrity": "sha512-LwaxwyZ72Lk7vZINtNNrywX0ZuLyStrdDtabefZKAY5ZGJhVtgdznluResxNmPitE0SAO+O26sWTHeKSI2wMBA==",
      "requires": {
        "fs.realpath": "^1.0.0",
        "inflight": "^1.0.4",
        "inherits": "2",
        "minimatch": "^3.0.4",
        "once": "^1.3.0",
        "path-is-absolute": "^1.0.0"
      }
    },
    "https-proxy-agent": {
      "version": "3.0.1",
      "resolved": "https://registry.npmjs.org/https-proxy-agent/-/https-proxy-agent-3.0.1.tgz",
      "integrity": "sha512-+ML2Rbh6DAuee7d07tYGEKOEi2voWPUGan+ExdPbPW6Z3svq+JCqr0v8WmKPOkz1vOVykPCBSuobe7G8GJUtVg==",
      "requires": {
        "agent-base": "^4.3.0",
        "debug": "^3.1.0"
      }
    },
    "inflight": {
      "version": "1.0.6",
      "resolved": "https://registry.npmjs.org/inflight/-/inflight-1.0.6.tgz",
      "integrity": "sha1-Sb1jMdfQLQwJvJEKEHW6gWW1bfk=",
      "requires": {
        "once": "^1.3.0",
        "wrappy": "1"
      }
    },
    "inherits": {
      "version": "2.0.4",
      "resolved": "https://registry.npmjs.org/inherits/-/inherits-2.0.4.tgz",
      "integrity": "sha512-k/vGaX4/Yla3WzyMCvTQOXYeIHvqOKtnqBduzTHpzpQZzAskKMhZ2K+EnBiSM9zGSoIFeMpXKxa4dYeZIQqewQ=="
    },
    "lodash": {
      "version": "4.17.15",
      "resolved": "https://registry.npmjs.org/lodash/-/lodash-4.17.15.tgz",
      "integrity": "sha512-8xOcRHvCjnocdS5cpwXQXVzmmh5e5+saE2QGoeQmbKmRS6J3VQppPOIt0MnmE+4xlZoumy0GPG0D0MVIQbNA1A=="
    },
    "make-error": {
      "version": "1.3.5",
      "resolved": "https://registry.npmjs.org/make-error/-/make-error-1.3.5.tgz",
      "integrity": "sha512-c3sIjNUow0+8swNwVpqoH4YCShKNFkMaw6oH1mNS2haDZQqkeZFlHS3dhoeEbKKmJB4vXpJucU6oH75aDYeE9g==",
      "dev": true
    },
    "manakin": {
      "version": "0.5.2",
      "resolved": "https://registry.npmjs.org/manakin/-/manakin-0.5.2.tgz",
      "integrity": "sha512-pfDSB7QYoVg0Io4KMV9hhPoXpj6p0uBscgtyUSKCOFZe8bqgbpStfgnKIbF/ulnr6U3ICu4OqdyxAqBgOhZwBQ=="
    },
    "massive": {
      "version": "6.1.4",
      "resolved": "https://registry.npmjs.org/massive/-/massive-6.1.4.tgz",
      "integrity": "sha512-zMW3tJG02Lewq6QzTqnAkDyOX2yCW3TIDlxUwvotI1JZMoUZYOTfUe0H3MVmMcvLgyHlXguKNYxS1dYZzSxuuQ==",
      "requires": {
        "commander": "4.0.1",
        "glob": "7.1.6",
        "lodash": "4.17.15",
        "murmurhash": "0.0.2",
        "pg-promise": "10.3.1",
        "pg-query-stream": "2.0.1"
      },
      "dependencies": {
        "commander": {
          "version": "4.0.1",
          "resolved": "https://registry.npmjs.org/commander/-/commander-4.0.1.tgz",
          "integrity": "sha512-IPF4ouhCP+qdlcmCedhxX4xiGBPyigb8v5NeUp+0LyhwLgxMqyp3S0vl7TAPfS/hiP7FC3caI/PB9lTmP8r1NA=="
        }
      }
    },
    "minimatch": {
      "version": "3.0.4",
      "resolved": "https://registry.npmjs.org/minimatch/-/minimatch-3.0.4.tgz",
      "integrity": "sha512-yJHVQEhyqPLUTgt9B83PXu6W3rx4MvvHvSUvToogpwoGDOUQ+yDrR0HRot+yOCdCO7u4hX3pWft6kWBBcqh0UA==",
      "requires": {
        "brace-expansion": "^1.1.7"
      }
    },
    "mkdirp": {
      "version": "1.0.3",
      "resolved": "https://registry.npmjs.org/mkdirp/-/mkdirp-1.0.3.tgz",
      "integrity": "sha512-6uCP4Qc0sWsgMLy1EOqqS/3rjDHOEnsStVr/4vtAIK2Y5i2kA7lFFejYrpIyiN9w0pYf4ckeCYT9f1r1P9KX5g=="
    },
    "ms": {
      "version": "2.1.2",
      "resolved": "https://registry.npmjs.org/ms/-/ms-2.1.2.tgz",
      "integrity": "sha512-sGkPx+VjMtmA6MX27oA4FBFELFCZZ4S4XqeGOXCv68tT+jb3vk/RyaKWP0PTKyWtmLSM0b+adUTEvbs1PEaH2w=="
    },
    "murmurhash": {
      "version": "0.0.2",
      "resolved": "https://registry.npmjs.org/murmurhash/-/murmurhash-0.0.2.tgz",
      "integrity": "sha1-bwe9ihEF5wnCb8iUIMtZMMJFhf4="
    },
    "once": {
      "version": "1.4.0",
      "resolved": "https://registry.npmjs.org/once/-/once-1.4.0.tgz",
      "integrity": "sha1-WDsap3WWHUsROsF9nFC6753Xa9E=",
      "requires": {
        "wrappy": "1"
      }
    },
    "packet-reader": {
      "version": "1.0.0",
      "resolved": "https://registry.npmjs.org/packet-reader/-/packet-reader-1.0.0.tgz",
      "integrity": "sha512-HAKu/fG3HpHFO0AA8WE8q2g+gBJaZ9MG7fcKk+IJPLTGAD6Psw4443l+9DGRbOIh3/aXr7Phy0TjilYivJo5XQ=="
    },
    "path-is-absolute": {
      "version": "1.0.1",
      "resolved": "https://registry.npmjs.org/path-is-absolute/-/path-is-absolute-1.0.1.tgz",
      "integrity": "sha1-F0uSaHNVNP+8es5r9TpanhtcX18="
    },
    "pg": {
      "version": "7.14.0",
      "resolved": "https://registry.npmjs.org/pg/-/pg-7.14.0.tgz",
      "integrity": "sha512-TLsdOWKFu44vHdejml4Uoo8h0EwCjdIj9Z9kpz7pA5i8iQxOTwVb1+Fy+X86kW5AXKxQpYpYDs4j/qPDbro/lg==",
      "requires": {
        "buffer-writer": "2.0.0",
        "packet-reader": "1.0.0",
        "pg-connection-string": "0.1.3",
        "pg-pool": "^2.0.7",
        "pg-types": "^2.1.0",
        "pgpass": "1.x",
        "semver": "4.3.2"
      }
    },
    "pg-connection-string": {
      "version": "0.1.3",
      "resolved": "https://registry.npmjs.org/pg-connection-string/-/pg-connection-string-0.1.3.tgz",
      "integrity": "sha1-2hhHsglA5C7hSSvq9l1J2RskXfc="
    },
    "pg-cursor": {
      "version": "2.1.3",
      "resolved": "https://registry.npmjs.org/pg-cursor/-/pg-cursor-2.1.3.tgz",
      "integrity": "sha512-DdI59QNiQI2n0qLjeVGRpnLERII0qvjEnPsujA7xJE+aEZYb0km2VzUu3qI7hapc3EasuUMuCSEh2sbStjrJww=="
    },
    "pg-int8": {
      "version": "1.0.1",
      "resolved": "https://registry.npmjs.org/pg-int8/-/pg-int8-1.0.1.tgz",
      "integrity": "sha512-WCtabS6t3c8SkpDBUlb1kjOs7l66xsGdKpIPZsg4wR+B3+u9UAum2odSsF9tnvxg80h4ZxLWMy4pRjOsFIqQpw=="
    },
    "pg-minify": {
      "version": "1.5.1",
      "resolved": "https://registry.npmjs.org/pg-minify/-/pg-minify-1.5.1.tgz",
      "integrity": "sha512-nqUTo8y9T0VhiJoWC0sK0+2S8hYDiu7CdH0Z9ijPi2iikiQ44mfcAFxEJxfvF8H3h/bDBvXthtOQPIB3pLWIow=="
    },
    "pg-pool": {
      "version": "2.0.9",
      "resolved": "https://registry.npmjs.org/pg-pool/-/pg-pool-2.0.9.tgz",
      "integrity": "sha512-gNiuIEKNCT3OnudQM2kvgSnXsLkSpd6mS/fRnqs6ANtrke6j8OY5l9mnAryf1kgwJMWLg0C1N1cYTZG1xmEYHQ=="
    },
    "pg-promise": {
      "version": "10.3.1",
      "resolved": "https://registry.npmjs.org/pg-promise/-/pg-promise-10.3.1.tgz",
      "integrity": "sha512-1b9Nx1UMV0SE5zJC92ckM+DHFGB5koly/AILd5DpV0Zx4Z9/iytnbdUGz9qnnqKt+XIuXjdizT2FIyGyV2AxTQ==",
      "requires": {
        "assert-options": "0.6.0",
        "manakin": "0.5.2",
        "pg": "7.14.0",
        "pg-minify": "1.5.1",
        "spex": "3.0.0"
      }
    },
    "pg-query-stream": {
      "version": "2.0.1",
      "resolved": "https://registry.npmjs.org/pg-query-stream/-/pg-query-stream-2.0.1.tgz",
      "integrity": "sha512-yiAbAkZHe3lgoQt0BdhqVe0KJ2ggB9yAUzpiNrbRpvolBMFIeO/RNsbR+V3Opigk2YiXNc1rjsTHLAd0Sj1iMg==",
      "requires": {
        "pg-cursor": "^2.0.1"
      }
    },
    "pg-types": {
      "version": "2.2.0",
      "resolved": "https://registry.npmjs.org/pg-types/-/pg-types-2.2.0.tgz",
      "integrity": "sha512-qTAAlrEsl8s4OiEQY69wDvcMIdQN6wdz5ojQiOy6YRMuynxenON0O5oCpJI6lshc6scgAY8qvJ2On/p+CXY0GA==",
      "requires": {
        "pg-int8": "1.0.1",
        "postgres-array": "~2.0.0",
        "postgres-bytea": "~1.0.0",
        "postgres-date": "~1.0.4",
        "postgres-interval": "^1.1.0"
      }
    },
    "pgpass": {
      "version": "1.0.2",
      "resolved": "https://registry.npmjs.org/pgpass/-/pgpass-1.0.2.tgz",
      "integrity": "sha1-Knu0G2BltnkH6R2hsHwYR8h3swY=",
      "requires": {
        "split": "^1.0.0"
      }
    },
    "postgres-array": {
      "version": "2.0.0",
      "resolved": "https://registry.npmjs.org/postgres-array/-/postgres-array-2.0.0.tgz",
      "integrity": "sha512-VpZrUqU5A69eQyW2c5CA1jtLecCsN2U/bD6VilrFDWq5+5UIEVO7nazS3TEcHf1zuPYO/sqGvUvW62g86RXZuA=="
    },
    "postgres-bytea": {
      "version": "1.0.0",
      "resolved": "https://registry.npmjs.org/postgres-bytea/-/postgres-bytea-1.0.0.tgz",
      "integrity": "sha1-AntTPAqokOJtFy1Hz5zOzFIazTU="
    },
    "postgres-date": {
      "version": "1.0.4",
      "resolved": "https://registry.npmjs.org/postgres-date/-/postgres-date-1.0.4.tgz",
      "integrity": "sha512-bESRvKVuTrjoBluEcpv2346+6kgB7UlnqWZsnbnCccTNq/pqfj1j6oBaN5+b/NrDXepYUT/HKadqv3iS9lJuVA=="
    },
    "postgres-interval": {
      "version": "1.2.0",
      "resolved": "https://registry.npmjs.org/postgres-interval/-/postgres-interval-1.2.0.tgz",
      "integrity": "sha512-9ZhXKM/rw350N1ovuWHbGxnGh/SNJ4cnxHiM0rxE4VN41wsg8P8zWn9hv/buK00RP4WvlOyr/RBDiptyxVbkZQ==",
      "requires": {
        "xtend": "^4.0.0"
      }
    },
    "rimraf": {
      "version": "2.7.1",
      "resolved": "https://registry.npmjs.org/rimraf/-/rimraf-2.7.1.tgz",
      "integrity": "sha512-uWjbaKIK3T1OSVptzX7Nl6PvQ3qAGtKEtVRjRuazjfL3Bx5eI409VZSqgND+4UNnmzLVdPj9FqFJNPqBZFve4w==",
      "dev": true,
      "requires": {
        "glob": "^7.1.3"
      }
    },
    "rxjs": {
      "version": "6.5.4",
      "resolved": "https://registry.npmjs.org/rxjs/-/rxjs-6.5.4.tgz",
      "integrity": "sha512-naMQXcgEo3csAEGvw/NydRA0fuS2nDZJiw1YUWFKU7aPPAPGZEsD4Iimit96qwCieH6y614MCLYwdkrWx7z/7Q==",
      "requires": {
        "tslib": "^1.9.0"
      }
    },
    "sanctuary": {
      "version": "3.0.0",
      "resolved": "https://registry.npmjs.org/sanctuary/-/sanctuary-3.0.0.tgz",
      "integrity": "sha512-SUenKFdibPWHXT398gIGoBTY2RHcSf8lHwU8TuDDUtE+U8wXMhrRCLqQDbBLGf0mi//zS52e6LGfNVR1z3Zb7w==",
      "requires": {
        "sanctuary-def": "0.21.1",
        "sanctuary-either": "2.1.0",
        "sanctuary-maybe": "2.1.0",
        "sanctuary-pair": "2.1.0",
        "sanctuary-show": "2.0.0",
        "sanctuary-type-classes": "12.1.0",
        "sanctuary-type-identifiers": "3.0.0"
      }
    },
    "sanctuary-def": {
      "version": "0.21.1",
      "resolved": "https://registry.npmjs.org/sanctuary-def/-/sanctuary-def-0.21.1.tgz",
      "integrity": "sha512-TmsAahZZiNzPMzyL2FXdZsygFlpz5uqzLbhBqJZFOTNTTZa99aJUa4pxSnA5tK3jvMOK2le1qsBd2q2Ra4K+cw==",
      "requires": {
        "sanctuary-either": "2.1.0",
        "sanctuary-show": "2.0.0",
        "sanctuary-type-classes": "12.1.0",
        "sanctuary-type-identifiers": "3.0.0"
      }
    },
    "sanctuary-either": {
      "version": "2.1.0",
      "resolved": "https://registry.npmjs.org/sanctuary-either/-/sanctuary-either-2.1.0.tgz",
      "integrity": "sha512-AsQCma2yGAVS7Dlxme/09NZWQfcXBNylVmkuvarp8uOe9otSwClOgQyyePN2OxO4hTf3Au1Ck4ggm+97Je06kA==",
      "requires": {
        "sanctuary-show": "2.0.0",
        "sanctuary-type-classes": "12.1.0"
      }
    },
    "sanctuary-maybe": {
      "version": "2.1.0",
      "resolved": "https://registry.npmjs.org/sanctuary-maybe/-/sanctuary-maybe-2.1.0.tgz",
      "integrity": "sha512-xCmvaEkYaIz5klWUrsgvgORKTL3bVYxATp7HyGBY0ZCu9tHJtSYDTpwnqMkRknHFIU986Kr2M/dJdiFvuc6UCQ==",
      "requires": {
        "sanctuary-show": "2.0.0",
        "sanctuary-type-classes": "12.1.0"
      }
    },
    "sanctuary-pair": {
      "version": "2.1.0",
      "resolved": "https://registry.npmjs.org/sanctuary-pair/-/sanctuary-pair-2.1.0.tgz",
      "integrity": "sha512-yY1JzzIJ/Ex7rjN8NmQLB7yv6GVzNeaMvxoYSW8w1ReLQI0n2sGOVCnAVipZuCv7wmfd+BavSXp59rklJeYytw==",
      "requires": {
        "sanctuary-show": "2.0.0",
        "sanctuary-type-classes": "12.1.0"
      }
    },
    "sanctuary-show": {
      "version": "2.0.0",
      "resolved": "https://registry.npmjs.org/sanctuary-show/-/sanctuary-show-2.0.0.tgz",
      "integrity": "sha512-REj4ZiioUXnDLj6EpJ9HcYDIEGaEexmB9Fg5o6InZR9f0x5PfnnC21QeU9SZ9E7G8zXSZPNjy8VRUK4safbesw=="
    },
    "sanctuary-type-classes": {
      "version": "12.1.0",
      "resolved": "https://registry.npmjs.org/sanctuary-type-classes/-/sanctuary-type-classes-12.1.0.tgz",
      "integrity": "sha512-oWP071Q88dEgJwxHLZp8tc7DoS+mWmYhYOuhP85zznPpIxV1ZjJfyRvcR59YCazyFxyFeBif7bJx1giLhDZW0Q==",
      "requires": {
        "sanctuary-type-identifiers": "3.0.0"
      }
    },
    "sanctuary-type-identifiers": {
      "version": "3.0.0",
      "resolved": "https://registry.npmjs.org/sanctuary-type-identifiers/-/sanctuary-type-identifiers-3.0.0.tgz",
      "integrity": "sha512-YFXYcG0Ura1dSPd/1xLYtE2XAWUEsBHhMTZvYBOvwT8MeFQwdUOCMm2DC+r94z6H93FVq0qxDac8/D7QpJj6Mg=="
    },
    "sax": {
      "version": "1.2.4",
      "resolved": "https://registry.npmjs.org/sax/-/sax-1.2.4.tgz",
      "integrity": "sha512-NqVDv9TpANUjFm0N8uM5GxL36UgKi9/atZw+x7YFnQ8ckwFGKrl4xX4yWtrey3UJm5nP1kUbnYgLopqWNSRhWw=="
    },
    "semver": {
      "version": "4.3.2",
      "resolved": "https://registry.npmjs.org/semver/-/semver-4.3.2.tgz",
      "integrity": "sha1-x6BxWKgL7dBSNVt3DYLWZA+AO+c="
    },
    "source-map": {
      "version": "0.6.1",
      "resolved": "https://registry.npmjs.org/source-map/-/source-map-0.6.1.tgz",
      "integrity": "sha512-UjgapumWlbMhkBgzT7Ykc5YXUT46F0iKu8SGXq0bcwP5dz/h0Plj6enJqjz1Zbq2l5WaqYnrVbwWOWMyF3F47g==",
      "dev": true
    },
    "source-map-support": {
      "version": "0.5.16",
      "resolved": "https://registry.npmjs.org/source-map-support/-/source-map-support-0.5.16.tgz",
      "integrity": "sha512-efyLRJDr68D9hBBNIPWFjhpFzURh+KJykQwvMyW5UiZzYwoF6l4YMMDIJJEyFWxWCqfyxLzz6tSfUFR+kXXsVQ==",
      "dev": true,
      "requires": {
        "buffer-from": "^1.0.0",
        "source-map": "^0.6.0"
      }
    },
    "spex": {
      "version": "3.0.0",
      "resolved": "https://registry.npmjs.org/spex/-/spex-3.0.0.tgz",
      "integrity": "sha512-JoMfgbrJcEPn53JCLkSNH1o7fZ9rzkb24UKEt5LTcsp0YsaN+yxtb5MEmibbMRltj9CdXDNGitPrYi11JY2hog=="
    },
    "split": {
      "version": "1.0.1",
      "resolved": "https://registry.npmjs.org/split/-/split-1.0.1.tgz",
      "integrity": "sha512-mTyOoPbrivtXnwnIxZRFYRrPNtEFKlpB2fvjSnCQUiAA6qAZzqwna5envK4uk6OIeP17CsdF3rSBGYVBsU0Tkg==",
      "requires": {
        "through": "2"
      }
    },
    "through": {
      "version": "2.3.8",
      "resolved": "https://registry.npmjs.org/through/-/through-2.3.8.tgz",
      "integrity": "sha1-DdTJ/6q8NXlgsbckEV1+Doai4fU="
    },
    "ts-node": {
      "version": "8.6.2",
      "resolved": "https://registry.npmjs.org/ts-node/-/ts-node-8.6.2.tgz",
      "integrity": "sha512-4mZEbofxGqLL2RImpe3zMJukvEvcO1XP8bj8ozBPySdCUXEcU5cIRwR0aM3R+VoZq7iXc8N86NC0FspGRqP4gg==",
      "dev": true,
      "requires": {
        "arg": "^4.1.0",
        "diff": "^4.0.1",
        "make-error": "^1.1.1",
        "source-map-support": "^0.5.6",
        "yn": "3.1.1"
      }
    },
    "tslib": {
      "version": "1.10.0",
      "resolved": "https://registry.npmjs.org/tslib/-/tslib-1.10.0.tgz",
      "integrity": "sha512-qOebF53frne81cf0S9B41ByenJ3/IuH8yJKngAX35CmiZySA0khhkovshKK+jGCaMnVomla7gVlIcc3EvKPbTQ=="
    },
    "typescript": {
      "version": "3.7.5",
      "resolved": "https://registry.npmjs.org/typescript/-/typescript-3.7.5.tgz",
      "integrity": "sha512-/P5lkRXkWHNAbcJIiHPfRoKqyd7bsyCma1hZNUGfn20qm64T6ZBlrzprymeu918H+mB/0rIg2gGK/BXkhhYgBw==",
      "dev": true
    },
    "uuid": {
      "version": "3.4.0",
      "resolved": "https://registry.npmjs.org/uuid/-/uuid-3.4.0.tgz",
      "integrity": "sha512-HjSDRw6gZE5JMggctHBcjVak08+KEVhSIiDzFnT9S9aegmp85S/bReBVTb4QTFaRNptJ9kuYaNhnbNEOkbKb/A=="
    },
    "wrappy": {
      "version": "1.0.2",
      "resolved": "https://registry.npmjs.org/wrappy/-/wrappy-1.0.2.tgz",
      "integrity": "sha1-tSQ9jz7BqjXxNkYFvA0QNuMKtp8="
    },
    "xml-js": {
      "version": "1.6.11",
      "resolved": "https://registry.npmjs.org/xml-js/-/xml-js-1.6.11.tgz",
      "integrity": "sha512-7rVi2KMfwfWFl+GpPg6m80IVMWXLRjO+PxTq7V2CDhoGak0wzYzFgUY2m4XJ47OGdXd8eLE8EmwfAmdjw7lC1g==",
      "requires": {
        "sax": "^1.2.4"
      }
    },
    "xtend": {
      "version": "4.0.2",
      "resolved": "https://registry.npmjs.org/xtend/-/xtend-4.0.2.tgz",
      "integrity": "sha512-LKYU1iAXJXUgAXn9URjiu+MWhyUXHsvfp7mcuYm9dSUKK0/CjtrUwFAxD82/mCWbtLsGjFIad0wIsod4zrTAEQ=="
    },
    "yn": {
      "version": "3.1.1",
      "resolved": "https://registry.npmjs.org/yn/-/yn-3.1.1.tgz",
      "integrity": "sha512-Ux4ygGWsu2c7isFWe8Yu1YluJmqVhxqK2cLXNQA5AcC3QfbGNpM7fu0Y8b/z16pXLnFxZYvWhd3fhBY9DLmC6Q==",
      "dev": true
    }
  }
}
